// !$*UTF8*$!
{
	archiveVersion = 1;
	classes = {
	};
	objectVersion = 70;
	objects = {

/* Begin PBXBuildFile section */
		0C0023052863E81A00B018B0 /* Nuke.framework in Frameworks */ = {isa = PBXBuildFile; fileRef = 0C9174901BAE99EE004A7905 /* Nuke.framework */; };
		0C1C201D29ABBF19004B38FD /* Nuke.framework in Frameworks */ = {isa = PBXBuildFile; fileRef = 0C9174901BAE99EE004A7905 /* Nuke.framework */; };
		0C1C201E29ABBF19004B38FD /* Nuke.framework in Embed Frameworks */ = {isa = PBXBuildFile; fileRef = 0C9174901BAE99EE004A7905 /* Nuke.framework */; settings = {ATTRIBUTES = (CodeSignOnCopy, RemoveHeadersOnCopy, ); }; };
		0C38DB1C28568FE20027F9FF /* Nuke.framework in Frameworks */ = {isa = PBXBuildFile; fileRef = 0C9174901BAE99EE004A7905 /* Nuke.framework */; };
		0C38DB48285690CF0027F9FF /* NukeUI.framework in Frameworks */ = {isa = PBXBuildFile; fileRef = 0C38DAE028568FAE0027F9FF /* NukeUI.framework */; };
		0C4F900322E4C4FB0070ECFD /* Nuke.framework in Frameworks */ = {isa = PBXBuildFile; fileRef = 0C9174901BAE99EE004A7905 /* Nuke.framework */; };
		0C55FD0528567875000FD2C9 /* NukeExtensions.framework in Frameworks */ = {isa = PBXBuildFile; fileRef = 0C55FCFD28567875000FD2C9 /* NukeExtensions.framework */; };
		0C55FD1028567875000FD2C9 /* NukeExtensions.framework in Frameworks */ = {isa = PBXBuildFile; fileRef = 0C55FCFD28567875000FD2C9 /* NukeExtensions.framework */; };
		0C55FD1128567875000FD2C9 /* NukeExtensions.framework in Embed Frameworks */ = {isa = PBXBuildFile; fileRef = 0C55FCFD28567875000FD2C9 /* NukeExtensions.framework */; settings = {ATTRIBUTES = (CodeSignOnCopy, RemoveHeadersOnCopy, ); }; };
		0C55FD21285679A4000FD2C9 /* Nuke.framework in Frameworks */ = {isa = PBXBuildFile; fileRef = 0C9174901BAE99EE004A7905 /* Nuke.framework */; };
		0C7584A629A151FF00F985F8 /* Nuke.framework in Frameworks */ = {isa = PBXBuildFile; fileRef = 0C9174901BAE99EE004A7905 /* Nuke.framework */; };
		0C7C067C1BCA882A00089D7F /* Nuke.framework in Frameworks */ = {isa = PBXBuildFile; fileRef = 0C9174901BAE99EE004A7905 /* Nuke.framework */; };
		0C8D7BD31D9DBF1600D12EB7 /* AppDelegate.swift in Sources */ = {isa = PBXBuildFile; fileRef = 0C8D7BD21D9DBF1600D12EB7 /* AppDelegate.swift */; };
		0C8D7BD81D9DBF1600D12EB7 /* Main.storyboard in Resources */ = {isa = PBXBuildFile; fileRef = 0C8D7BD61D9DBF1600D12EB7 /* Main.storyboard */; };
		0C8D7BDA1D9DBF1600D12EB7 /* Assets.xcassets in Resources */ = {isa = PBXBuildFile; fileRef = 0C8D7BD91D9DBF1600D12EB7 /* Assets.xcassets */; };
		0C8D7BDD1D9DBF1600D12EB7 /* LaunchScreen.storyboard in Resources */ = {isa = PBXBuildFile; fileRef = 0C8D7BDB1D9DBF1600D12EB7 /* LaunchScreen.storyboard */; };
		0C8D7BED1D9DC02B00D12EB7 /* Nuke.framework in Frameworks */ = {isa = PBXBuildFile; fileRef = 0C9174901BAE99EE004A7905 /* Nuke.framework */; };
		0C973E141D9FDB9F00C00AD9 /* Nuke.framework in CopyFiles */ = {isa = PBXBuildFile; fileRef = 0C9174901BAE99EE004A7905 /* Nuke.framework */; settings = {ATTRIBUTES = (CodeSignOnCopy, RemoveHeadersOnCopy, ); }; };
		0CB644AC28567FC000916267 /* NukeExtensions.framework in Frameworks */ = {isa = PBXBuildFile; fileRef = 0C55FCFD28567875000FD2C9 /* NukeExtensions.framework */; };
/* End PBXBuildFile section */

/* Begin PBXContainerItemProxy section */
		0C1C201F29ABBF19004B38FD /* PBXContainerItemProxy */ = {
			isa = PBXContainerItemProxy;
			containerPortal = 0C9174871BAE99EE004A7905 /* Project object */;
			proxyType = 1;
			remoteGlobalIDString = 0C91748F1BAE99EE004A7905;
			remoteInfo = Nuke;
		};
		0C38DB49285690D20027F9FF /* PBXContainerItemProxy */ = {
			isa = PBXContainerItemProxy;
			containerPortal = 0C9174871BAE99EE004A7905 /* Project object */;
			proxyType = 1;
			remoteGlobalIDString = 0C38DAA128568FAE0027F9FF;
			remoteInfo = NukeUI;
		};
		0C55FD0628567875000FD2C9 /* PBXContainerItemProxy */ = {
			isa = PBXContainerItemProxy;
			containerPortal = 0C9174871BAE99EE004A7905 /* Project object */;
			proxyType = 1;
			remoteGlobalIDString = 0C55FCFC28567875000FD2C9;
			remoteInfo = NukeExtensions;
		};
		0C55FD0E28567875000FD2C9 /* PBXContainerItemProxy */ = {
			isa = PBXContainerItemProxy;
			containerPortal = 0C9174871BAE99EE004A7905 /* Project object */;
			proxyType = 1;
			remoteGlobalIDString = 0C55FCFC28567875000FD2C9;
			remoteInfo = NukeExtensions;
		};
		0C8D7BEE1D9DC02B00D12EB7 /* PBXContainerItemProxy */ = {
			isa = PBXContainerItemProxy;
			containerPortal = 0C9174871BAE99EE004A7905 /* Project object */;
			proxyType = 1;
			remoteGlobalIDString = 0C91748F1BAE99EE004A7905;
			remoteInfo = "Nuke iOS";
		};
		0C8D7BF31D9DC03A00D12EB7 /* PBXContainerItemProxy */ = {
			isa = PBXContainerItemProxy;
			containerPortal = 0C9174871BAE99EE004A7905 /* Project object */;
			proxyType = 1;
			remoteGlobalIDString = 0C8D7BCF1D9DBF1600D12EB7;
			remoteInfo = "Nuke iOS Tests Host";
		};
		0CB644AD28567FC500916267 /* PBXContainerItemProxy */ = {
			isa = PBXContainerItemProxy;
			containerPortal = 0C9174871BAE99EE004A7905 /* Project object */;
			proxyType = 1;
			remoteGlobalIDString = 0C55FCFC28567875000FD2C9;
			remoteInfo = "Nuke Extensions";
		};
/* End PBXContainerItemProxy section */

/* Begin PBXCopyFilesBuildPhase section */
		0C55FD1528567875000FD2C9 /* Embed Frameworks */ = {
			isa = PBXCopyFilesBuildPhase;
			buildActionMask = 2147483647;
			dstPath = "";
			dstSubfolderSpec = 10;
			files = (
				0C55FD1128567875000FD2C9 /* NukeExtensions.framework in Embed Frameworks */,
				0C1C201E29ABBF19004B38FD /* Nuke.framework in Embed Frameworks */,
			);
			name = "Embed Frameworks";
			runOnlyForDeploymentPostprocessing = 0;
		};
		0C973E131D9FDB9200C00AD9 /* CopyFiles */ = {
			isa = PBXCopyFilesBuildPhase;
			buildActionMask = 2147483647;
			dstPath = "";
			dstSubfolderSpec = 10;
			files = (
				0C973E141D9FDB9F00C00AD9 /* Nuke.framework in CopyFiles */,
			);
			runOnlyForDeploymentPostprocessing = 0;
		};
/* End PBXCopyFilesBuildPhase section */

/* Begin PBXFileReference section */
		0C09B16A1FE9A65C00E8FE3B /* Info.plist */ = {isa = PBXFileReference; fileEncoding = 4; lastKnownFileType = text.plist.xml; path = Info.plist; sourceTree = "<group>"; };
		0C179C772282AC50008AB488 /* .swiftlint.yml */ = {isa = PBXFileReference; lastKnownFileType = text; path = .swiftlint.yml; sourceTree = "<group>"; };
		0C38DAE028568FAE0027F9FF /* NukeUI.framework */ = {isa = PBXFileReference; explicitFileType = wrapper.framework; includeInIndex = 0; path = NukeUI.framework; sourceTree = BUILT_PRODUCTS_DIR; };
		0C38DB3428568FE20027F9FF /* NukeUI Unit Tests.xctest */ = {isa = PBXFileReference; explicitFileType = wrapper.cfbundle; includeInIndex = 0; path = "NukeUI Unit Tests.xctest"; sourceTree = BUILT_PRODUCTS_DIR; };
		0C4326262424338200799446 /* LICENSE */ = {isa = PBXFileReference; lastKnownFileType = text; path = LICENSE; sourceTree = "<group>"; };
		0C4F8FDF22E4B6ED0070ECFD /* Nuke Thread Safety Tests.xctest */ = {isa = PBXFileReference; explicitFileType = wrapper.cfbundle; includeInIndex = 0; path = "Nuke Thread Safety Tests.xctest"; sourceTree = BUILT_PRODUCTS_DIR; };
		0C55FCFD28567875000FD2C9 /* NukeExtensions.framework */ = {isa = PBXFileReference; explicitFileType = wrapper.framework; includeInIndex = 0; path = NukeExtensions.framework; sourceTree = BUILT_PRODUCTS_DIR; };
		0C55FD0428567875000FD2C9 /* NukeExtensions Unit Tests.xctest */ = {isa = PBXFileReference; explicitFileType = wrapper.cfbundle; includeInIndex = 0; path = "NukeExtensions Unit Tests.xctest"; sourceTree = BUILT_PRODUCTS_DIR; };
		0C7584AA29A151FF00F985F8 /* NukeVideo.framework */ = {isa = PBXFileReference; explicitFileType = wrapper.framework; includeInIndex = 0; path = NukeVideo.framework; sourceTree = BUILT_PRODUCTS_DIR; };
		0C7C06771BCA882A00089D7F /* Nuke Unit Tests.xctest */ = {isa = PBXFileReference; explicitFileType = wrapper.cfbundle; includeInIndex = 0; path = "Nuke Unit Tests.xctest"; sourceTree = BUILT_PRODUCTS_DIR; };
		0C8D7BD01D9DBF1600D12EB7 /* Nuke Tests Host.app */ = {isa = PBXFileReference; explicitFileType = wrapper.application; includeInIndex = 0; path = "Nuke Tests Host.app"; sourceTree = BUILT_PRODUCTS_DIR; };
		0C8D7BD21D9DBF1600D12EB7 /* AppDelegate.swift */ = {isa = PBXFileReference; lastKnownFileType = sourcecode.swift; path = AppDelegate.swift; sourceTree = "<group>"; };
		0C8D7BD71D9DBF1600D12EB7 /* Base */ = {isa = PBXFileReference; lastKnownFileType = file.storyboard; name = Base; path = Base.lproj/Main.storyboard; sourceTree = "<group>"; };
		0C8D7BD91D9DBF1600D12EB7 /* Assets.xcassets */ = {isa = PBXFileReference; lastKnownFileType = folder.assetcatalog; path = Assets.xcassets; sourceTree = "<group>"; };
		0C8D7BDC1D9DBF1600D12EB7 /* Base */ = {isa = PBXFileReference; lastKnownFileType = file.storyboard; name = Base; path = Base.lproj/LaunchScreen.storyboard; sourceTree = "<group>"; };
		0C8D7BE81D9DC02B00D12EB7 /* Nuke Performance Tests.xctest */ = {isa = PBXFileReference; explicitFileType = wrapper.cfbundle; includeInIndex = 0; path = "Nuke Performance Tests.xctest"; sourceTree = BUILT_PRODUCTS_DIR; };
		0C9174901BAE99EE004A7905 /* Nuke.framework */ = {isa = PBXFileReference; explicitFileType = wrapper.framework; includeInIndex = 0; path = Nuke.framework; sourceTree = BUILT_PRODUCTS_DIR; };
		0CDB92801DAF9BB900002905 /* CHANGELOG.md */ = {isa = PBXFileReference; lastKnownFileType = net.daringfireball.markdown; path = CHANGELOG.md; sourceTree = "<group>"; };
		0CDB92821DAF9BC600002905 /* README.md */ = {isa = PBXFileReference; lastKnownFileType = net.daringfireball.markdown; path = README.md; sourceTree = "<group>"; };
		0CDB92831DAF9BCB00002905 /* Package.swift */ = {isa = PBXFileReference; lastKnownFileType = sourcecode.swift; path = Package.swift; sourceTree = "<group>"; };
/* End PBXFileReference section */

/* Begin PBXFileSystemSynchronizedBuildFileExceptionSet section */
		0C0C85572D99ACCC006A2138 /* PBXFileSystemSynchronizedBuildFileExceptionSet */ = {
			isa = PBXFileSystemSynchronizedBuildFileExceptionSet;
			membershipExceptions = (
				Nuke.docc,
			);
			target = 0C91748F1BAE99EE004A7905 /* Nuke */;
		};
		0C0C85592D99ACD0006A2138 /* PBXFileSystemSynchronizedBuildFileExceptionSet */ = {
			isa = PBXFileSystemSynchronizedBuildFileExceptionSet;
			membershipExceptions = (
				NukeExtensions.docc,
			);
			target = 0C55FCFC28567875000FD2C9 /* NukeExtensions */;
		};
		0C0C855B2D99ACD5006A2138 /* PBXFileSystemSynchronizedBuildFileExceptionSet */ = {
			isa = PBXFileSystemSynchronizedBuildFileExceptionSet;
			membershipExceptions = (
				NukeUI.docc,
			);
			target = 0C38DAA128568FAE0027F9FF /* NukeUI */;
		};
		0CB25DB72DAB328B000A93A3 /* PBXFileSystemSynchronizedBuildFileExceptionSet */ = {
			isa = PBXFileSystemSynchronizedBuildFileExceptionSet;
			membershipExceptions = (
				"Extensions/AsyncExpectation+Extensions.swift",
			);
			target = 0C8D7BE71D9DC02B00D12EB7 /* Nuke Performance Tests */;
		};
/* End PBXFileSystemSynchronizedBuildFileExceptionSet section */

/* Begin PBXFileSystemSynchronizedRootGroup section */
		0C0C815E2D99A9A6006A2138 /* Nuke */ = {isa = PBXFileSystemSynchronizedRootGroup; explicitFileTypes = {}; explicitFolders = (); path = Nuke; sourceTree = "<group>"; };
		0C0C819A2D99A9AC006A2138 /* NukeExtensions */ = {isa = PBXFileSystemSynchronizedRootGroup; explicitFileTypes = {}; explicitFolders = (); path = NukeExtensions; sourceTree = "<group>"; };
		0C0C81A32D99A9B1006A2138 /* NukeUI */ = {isa = PBXFileSystemSynchronizedRootGroup; explicitFileTypes = {}; explicitFolders = (); path = NukeUI; sourceTree = "<group>"; };
		0C0C81AC2D99A9B6006A2138 /* NukeVideo */ = {isa = PBXFileSystemSynchronizedRootGroup; explicitFileTypes = {}; explicitFolders = (); path = NukeVideo; sourceTree = "<group>"; };
		0C0C823F2D99AA9B006A2138 /* Helpers */ = {isa = PBXFileSystemSynchronizedRootGroup; exceptions = (0CB25DB72DAB328B000A93A3 /* PBXFileSystemSynchronizedBuildFileExceptionSet */, ); explicitFileTypes = {}; explicitFolders = (); path = Helpers; sourceTree = "<group>"; };
		0C0C82A12D99ABD0006A2138 /* Resources */ = {isa = PBXFileSystemSynchronizedRootGroup; explicitFileTypes = {}; explicitFolders = (); path = Resources; sourceTree = "<group>"; };
		0C0C83322D99AC05006A2138 /* NukeTests */ = {isa = PBXFileSystemSynchronizedRootGroup; explicitFileTypes = {}; explicitFolders = (); path = NukeTests; sourceTree = "<group>"; };
		0C0C83592D99AC13006A2138 /* NukeUITests */ = {isa = PBXFileSystemSynchronizedRootGroup; explicitFileTypes = {}; explicitFolders = (); path = NukeUITests; sourceTree = "<group>"; };
		0C0C83622D99AC20006A2138 /* NukeExtensionsTests */ = {isa = PBXFileSystemSynchronizedRootGroup; explicitFileTypes = {}; explicitFolders = (); path = NukeExtensionsTests; sourceTree = "<group>"; };
		0C0C836B2D99AC2C006A2138 /* NukeThreadSafetyTests */ = {isa = PBXFileSystemSynchronizedRootGroup; explicitFileTypes = {}; explicitFolders = (); path = NukeThreadSafetyTests; sourceTree = "<group>"; };
		0C0C83732D99AC37006A2138 /* NukePerformanceTests */ = {isa = PBXFileSystemSynchronizedRootGroup; explicitFileTypes = {}; explicitFolders = (); path = NukePerformanceTests; sourceTree = "<group>"; };
		0C0C85552D99ACC5006A2138 /* Documentation */ = {isa = PBXFileSystemSynchronizedRootGroup; exceptions = (0C0C85572D99ACCC006A2138 /* PBXFileSystemSynchronizedBuildFileExceptionSet */, 0C0C855B2D99ACD5006A2138 /* PBXFileSystemSynchronizedBuildFileExceptionSet */, 0C0C85592D99ACD0006A2138 /* PBXFileSystemSynchronizedBuildFileExceptionSet */, ); explicitFileTypes = {}; explicitFolders = (); path = Documentation; sourceTree = "<group>"; };
/* End PBXFileSystemSynchronizedRootGroup section */

/* Begin PBXFrameworksBuildPhase section */
		0C0023042863E81700B018B0 /* Frameworks */ = {
			isa = PBXFrameworksBuildPhase;
			buildActionMask = 2147483647;
			files = (
				0C0023052863E81A00B018B0 /* Nuke.framework in Frameworks */,
			);
			runOnlyForDeploymentPostprocessing = 0;
		};
		0C38DB1B28568FE20027F9FF /* Frameworks */ = {
			isa = PBXFrameworksBuildPhase;
			buildActionMask = 2147483647;
			files = (
				0C38DB48285690CF0027F9FF /* NukeUI.framework in Frameworks */,
				0C38DB1C28568FE20027F9FF /* Nuke.framework in Frameworks */,
			);
			runOnlyForDeploymentPostprocessing = 0;
		};
		0C4F8FDC22E4B6ED0070ECFD /* Frameworks */ = {
			isa = PBXFrameworksBuildPhase;
			buildActionMask = 2147483647;
			files = (
				0C4F900322E4C4FB0070ECFD /* Nuke.framework in Frameworks */,
			);
			runOnlyForDeploymentPostprocessing = 0;
		};
		0C55FCFA28567875000FD2C9 /* Frameworks */ = {
			isa = PBXFrameworksBuildPhase;
			buildActionMask = 2147483647;
			files = (
				0C55FD21285679A4000FD2C9 /* Nuke.framework in Frameworks */,
			);
			runOnlyForDeploymentPostprocessing = 0;
		};
		0C55FD0128567875000FD2C9 /* Frameworks */ = {
			isa = PBXFrameworksBuildPhase;
			buildActionMask = 2147483647;
			files = (
				0C55FD0528567875000FD2C9 /* NukeExtensions.framework in Frameworks */,
			);
			runOnlyForDeploymentPostprocessing = 0;
		};
		0C7584A529A151FF00F985F8 /* Frameworks */ = {
			isa = PBXFrameworksBuildPhase;
			buildActionMask = 2147483647;
			files = (
				0C7584A629A151FF00F985F8 /* Nuke.framework in Frameworks */,
			);
			runOnlyForDeploymentPostprocessing = 0;
		};
		0C7C06741BCA882A00089D7F /* Frameworks */ = {
			isa = PBXFrameworksBuildPhase;
			buildActionMask = 2147483647;
			files = (
				0C7C067C1BCA882A00089D7F /* Nuke.framework in Frameworks */,
			);
			runOnlyForDeploymentPostprocessing = 0;
		};
		0C8D7BCD1D9DBF1600D12EB7 /* Frameworks */ = {
			isa = PBXFrameworksBuildPhase;
			buildActionMask = 2147483647;
			files = (
				0C55FD1028567875000FD2C9 /* NukeExtensions.framework in Frameworks */,
				0C1C201D29ABBF19004B38FD /* Nuke.framework in Frameworks */,
			);
			runOnlyForDeploymentPostprocessing = 0;
		};
		0C8D7BE51D9DC02B00D12EB7 /* Frameworks */ = {
			isa = PBXFrameworksBuildPhase;
			buildActionMask = 2147483647;
			files = (
				0C8D7BED1D9DC02B00D12EB7 /* Nuke.framework in Frameworks */,
				0CB644AC28567FC000916267 /* NukeExtensions.framework in Frameworks */,
			);
			runOnlyForDeploymentPostprocessing = 0;
		};
/* End PBXFrameworksBuildPhase section */

/* Begin PBXGroup section */
		0C096C7B1BAE9ADD007FE380 /* Sources */ = {
			isa = PBXGroup;
			children = (
				0C0C81AC2D99A9B6006A2138 /* NukeVideo */,
				0C0C81A32D99A9B1006A2138 /* NukeUI */,
				0C0C819A2D99A9AC006A2138 /* NukeExtensions */,
				0C0C815E2D99A9A6006A2138 /* Nuke */,
			);
			path = Sources;
			sourceTree = "<group>";
		};
		0C4F900222E4C4FB0070ECFD /* Frameworks */ = {
			isa = PBXGroup;
			children = (
			);
			name = Frameworks;
			sourceTree = "<group>";
		};
		0C7C06551BCA87EC00089D7F /* Tests */ = {
			isa = PBXGroup;
			children = (
				0C0C82A12D99ABD0006A2138 /* Resources */,
				0C0C823F2D99AA9B006A2138 /* Helpers */,
				0C09B16A1FE9A65C00E8FE3B /* Info.plist */,
				0C0C83322D99AC05006A2138 /* NukeTests */,
				0C0C83592D99AC13006A2138 /* NukeUITests */,
				0C0C83622D99AC20006A2138 /* NukeExtensionsTests */,
				0C0C836B2D99AC2C006A2138 /* NukeThreadSafetyTests */,
				0C0C83732D99AC37006A2138 /* NukePerformanceTests */,
				0C8D7BD11D9DBF1600D12EB7 /* Host */,
			);
			path = Tests;
			sourceTree = "<group>";
		};
		0C8D7BD11D9DBF1600D12EB7 /* Host */ = {
			isa = PBXGroup;
			children = (
				0C8D7BD21D9DBF1600D12EB7 /* AppDelegate.swift */,
				0C8D7BD61D9DBF1600D12EB7 /* Main.storyboard */,
				0C8D7BD91D9DBF1600D12EB7 /* Assets.xcassets */,
				0C8D7BDB1D9DBF1600D12EB7 /* LaunchScreen.storyboard */,
			);
			path = Host;
			sourceTree = "<group>";
		};
		0C9174861BAE99EE004A7905 = {
			isa = PBXGroup;
			children = (
				0C096C7B1BAE9ADD007FE380 /* Sources */,
				0C7C06551BCA87EC00089D7F /* Tests */,
				0C0C85552D99ACC5006A2138 /* Documentation */,
				0C9174911BAE99EE004A7905 /* Products */,
				0CDB927F1DAF9BA900002905 /* Metadata */,
				0C4F900222E4C4FB0070ECFD /* Frameworks */,
			);
			sourceTree = "<group>";
		};
		0C9174911BAE99EE004A7905 /* Products */ = {
			isa = PBXGroup;
			children = (
				0C9174901BAE99EE004A7905 /* Nuke.framework */,
				0C7C06771BCA882A00089D7F /* Nuke Unit Tests.xctest */,
				0C8D7BD01D9DBF1600D12EB7 /* Nuke Tests Host.app */,
				0C8D7BE81D9DC02B00D12EB7 /* Nuke Performance Tests.xctest */,
				0C4F8FDF22E4B6ED0070ECFD /* Nuke Thread Safety Tests.xctest */,
				0C55FCFD28567875000FD2C9 /* NukeExtensions.framework */,
				0C55FD0428567875000FD2C9 /* NukeExtensions Unit Tests.xctest */,
				0C38DAE028568FAE0027F9FF /* NukeUI.framework */,
				0C38DB3428568FE20027F9FF /* NukeUI Unit Tests.xctest */,
				0C7584AA29A151FF00F985F8 /* NukeVideo.framework */,
			);
			name = Products;
			sourceTree = "<group>";
		};
		0CDB927F1DAF9BA900002905 /* Metadata */ = {
			isa = PBXGroup;
			children = (
				0CDB92821DAF9BC600002905 /* README.md */,
				0CDB92801DAF9BB900002905 /* CHANGELOG.md */,
				0C4326262424338200799446 /* LICENSE */,
				0CDB92831DAF9BCB00002905 /* Package.swift */,
				0C179C772282AC50008AB488 /* .swiftlint.yml */,
			);
			name = Metadata;
			sourceTree = "<group>";
		};
/* End PBXGroup section */

/* Begin PBXHeadersBuildPhase section */
		0C55FCF828567875000FD2C9 /* Headers */ = {
			isa = PBXHeadersBuildPhase;
			buildActionMask = 2147483647;
			files = (
			);
			runOnlyForDeploymentPostprocessing = 0;
		};
/* End PBXHeadersBuildPhase section */

/* Begin PBXNativeTarget section */
		0C38DAA128568FAE0027F9FF /* NukeUI */ = {
			isa = PBXNativeTarget;
			buildConfigurationList = 0C38DADD28568FAE0027F9FF /* Build configuration list for PBXNativeTarget "NukeUI" */;
			buildPhases = (
				0C38DAA228568FAE0027F9FF /* Lint */,
				0C38DAA328568FAE0027F9FF /* Sources */,
				0C0023042863E81700B018B0 /* Frameworks */,
			);
			buildRules = (
			);
			dependencies = (
			);
			fileSystemSynchronizedGroups = (
				0C0C81A32D99A9B1006A2138 /* NukeUI */,
			);
			name = NukeUI;
			productName = Nuke;
			productReference = 0C38DAE028568FAE0027F9FF /* NukeUI.framework */;
			productType = "com.apple.product-type.framework";
		};
		0C38DAE428568FE20027F9FF /* NukeUI Unit Tests */ = {
			isa = PBXNativeTarget;
			buildConfigurationList = 0C38DB3128568FE20027F9FF /* Build configuration list for PBXNativeTarget "NukeUI Unit Tests" */;
			buildPhases = (
				0C38DAE528568FE20027F9FF /* Sources */,
				0C38DB1B28568FE20027F9FF /* Frameworks */,
				0C38DB1D28568FE20027F9FF /* Resources */,
			);
			buildRules = (
			);
			dependencies = (
				0C38DB4A285690D20027F9FF /* PBXTargetDependency */,
			);
			fileSystemSynchronizedGroups = (
				0C0C823F2D99AA9B006A2138 /* Helpers */,
				0C0C82A12D99ABD0006A2138 /* Resources */,
				0C0C83592D99AC13006A2138 /* NukeUITests */,
			);
			name = "NukeUI Unit Tests";
			productName = "Nuke Tests";
			productReference = 0C38DB3428568FE20027F9FF /* NukeUI Unit Tests.xctest */;
			productType = "com.apple.product-type.bundle.unit-test";
		};
		0C4F8FDE22E4B6ED0070ECFD /* Nuke Thread Safety Tests */ = {
			isa = PBXNativeTarget;
			buildConfigurationList = 0C4F8FE422E4B6ED0070ECFD /* Build configuration list for PBXNativeTarget "Nuke Thread Safety Tests" */;
			buildPhases = (
				0C4F8FDB22E4B6ED0070ECFD /* Sources */,
				0C4F8FDC22E4B6ED0070ECFD /* Frameworks */,
				0C4F8FDD22E4B6ED0070ECFD /* Resources */,
			);
			buildRules = (
			);
			dependencies = (
			);
			fileSystemSynchronizedGroups = (
				0C0C823F2D99AA9B006A2138 /* Helpers */,
				0C0C82A12D99ABD0006A2138 /* Resources */,
				0C0C836B2D99AC2C006A2138 /* NukeThreadSafetyTests */,
			);
			name = "Nuke Thread Safety Tests";
			productName = "Nuke Thread Safety Tests";
			productReference = 0C4F8FDF22E4B6ED0070ECFD /* Nuke Thread Safety Tests.xctest */;
			productType = "com.apple.product-type.bundle.unit-test";
		};
		0C55FCFC28567875000FD2C9 /* NukeExtensions */ = {
			isa = PBXNativeTarget;
			buildConfigurationList = 0C55FD1228567875000FD2C9 /* Build configuration list for PBXNativeTarget "NukeExtensions" */;
			buildPhases = (
				0CC04A952C4BD3BB00F1164D /* Lint */,
				0C55FCF828567875000FD2C9 /* Headers */,
				0C55FCF928567875000FD2C9 /* Sources */,
				0C55FCFA28567875000FD2C9 /* Frameworks */,
				0C55FCFB28567875000FD2C9 /* Resources */,
			);
			buildRules = (
			);
			dependencies = (
			);
			fileSystemSynchronizedGroups = (
				0C0C819A2D99A9AC006A2138 /* NukeExtensions */,
			);
			name = NukeExtensions;
			productName = NukeExtensions;
			productReference = 0C55FCFD28567875000FD2C9 /* NukeExtensions.framework */;
			productType = "com.apple.product-type.framework";
		};
		0C55FD0328567875000FD2C9 /* NukeExtensions Unit Tests */ = {
			isa = PBXNativeTarget;
			buildConfigurationList = 0C55FD1628567875000FD2C9 /* Build configuration list for PBXNativeTarget "NukeExtensions Unit Tests" */;
			buildPhases = (
				0C55FD0028567875000FD2C9 /* Sources */,
				0C55FD0128567875000FD2C9 /* Frameworks */,
				0C55FD0228567875000FD2C9 /* Resources */,
			);
			buildRules = (
			);
			dependencies = (
				0C55FD0728567875000FD2C9 /* PBXTargetDependency */,
			);
			fileSystemSynchronizedGroups = (
				0C0C823F2D99AA9B006A2138 /* Helpers */,
				0C0C82A12D99ABD0006A2138 /* Resources */,
				0C0C83622D99AC20006A2138 /* NukeExtensionsTests */,
			);
			name = "NukeExtensions Unit Tests";
			productName = NukeExtensionsTests;
			productReference = 0C55FD0428567875000FD2C9 /* NukeExtensions Unit Tests.xctest */;
			productType = "com.apple.product-type.bundle.unit-test";
		};
		0C75849B29A151FF00F985F8 /* NukeVideo */ = {
			isa = PBXNativeTarget;
			buildConfigurationList = 0C7584A729A151FF00F985F8 /* Build configuration list for PBXNativeTarget "NukeVideo" */;
			buildPhases = (
				0C75849C29A151FF00F985F8 /* Lint */,
				0C75849D29A151FF00F985F8 /* Sources */,
				0C7584A529A151FF00F985F8 /* Frameworks */,
			);
			buildRules = (
			);
			dependencies = (
			);
			fileSystemSynchronizedGroups = (
				0C0C81AC2D99A9B6006A2138 /* NukeVideo */,
			);
			name = NukeVideo;
			productName = Nuke;
			productReference = 0C7584AA29A151FF00F985F8 /* NukeVideo.framework */;
			productType = "com.apple.product-type.framework";
		};
		0C7C06761BCA882A00089D7F /* Nuke Unit Tests */ = {
			isa = PBXNativeTarget;
			buildConfigurationList = 0C7C067F1BCA882A00089D7F /* Build configuration list for PBXNativeTarget "Nuke Unit Tests" */;
			buildPhases = (
				0C7C06731BCA882A00089D7F /* Sources */,
				0C7C06741BCA882A00089D7F /* Frameworks */,
				0C7C06751BCA882A00089D7F /* Resources */,
			);
			buildRules = (
			);
			dependencies = (
			);
			fileSystemSynchronizedGroups = (
				0C0C823F2D99AA9B006A2138 /* Helpers */,
				0C0C82A12D99ABD0006A2138 /* Resources */,
				0C0C83322D99AC05006A2138 /* NukeTests */,
			);
			name = "Nuke Unit Tests";
			productName = "Nuke Tests";
			productReference = 0C7C06771BCA882A00089D7F /* Nuke Unit Tests.xctest */;
			productType = "com.apple.product-type.bundle.unit-test";
		};
		0C8D7BCF1D9DBF1600D12EB7 /* Nuke Tests Host */ = {
			isa = PBXNativeTarget;
			buildConfigurationList = 0C8D7BE11D9DBF1600D12EB7 /* Build configuration list for PBXNativeTarget "Nuke Tests Host" */;
			buildPhases = (
				0C8D7BCC1D9DBF1600D12EB7 /* Sources */,
				0C8D7BCD1D9DBF1600D12EB7 /* Frameworks */,
				0C8D7BCE1D9DBF1600D12EB7 /* Resources */,
				0C55FD1528567875000FD2C9 /* Embed Frameworks */,
			);
			buildRules = (
			);
			dependencies = (
				0C55FD0F28567875000FD2C9 /* PBXTargetDependency */,
				0C1C202029ABBF19004B38FD /* PBXTargetDependency */,
			);
			name = "Nuke Tests Host";
			productName = "Nuke iOS Tests Host";
			productReference = 0C8D7BD01D9DBF1600D12EB7 /* Nuke Tests Host.app */;
			productType = "com.apple.product-type.application";
		};
		0C8D7BE71D9DC02B00D12EB7 /* Nuke Performance Tests */ = {
			isa = PBXNativeTarget;
			buildConfigurationList = 0C8D7BF01D9DC02B00D12EB7 /* Build configuration list for PBXNativeTarget "Nuke Performance Tests" */;
			buildPhases = (
				0C8D7BE41D9DC02B00D12EB7 /* Sources */,
				0C8D7BE51D9DC02B00D12EB7 /* Frameworks */,
				0C8D7BE61D9DC02B00D12EB7 /* Resources */,
				0C973E131D9FDB9200C00AD9 /* CopyFiles */,
			);
			buildRules = (
			);
			dependencies = (
				0C8D7BEF1D9DC02B00D12EB7 /* PBXTargetDependency */,
				0CB644AE28567FC500916267 /* PBXTargetDependency */,
				0C8D7BF41D9DC03A00D12EB7 /* PBXTargetDependency */,
			);
			fileSystemSynchronizedGroups = (
				0C0C823F2D99AA9B006A2138 /* Helpers */,
				0C0C82A12D99ABD0006A2138 /* Resources */,
				0C0C83732D99AC37006A2138 /* NukePerformanceTests */,
			);
			name = "Nuke Performance Tests";
			productName = "Nuke iOS Performance Tests";
			productReference = 0C8D7BE81D9DC02B00D12EB7 /* Nuke Performance Tests.xctest */;
			productType = "com.apple.product-type.bundle.unit-test";
		};
		0C91748F1BAE99EE004A7905 /* Nuke */ = {
			isa = PBXNativeTarget;
			buildConfigurationList = 0C9174981BAE99EE004A7905 /* Build configuration list for PBXNativeTarget "Nuke" */;
			buildPhases = (
				0C06C96F22E47FD1000AA0A6 /* Lint */,
				0C91748B1BAE99EE004A7905 /* Sources */,
			);
			buildRules = (
			);
			dependencies = (
			);
			fileSystemSynchronizedGroups = (
				0C0C815E2D99A9A6006A2138 /* Nuke */,
			);
			name = Nuke;
			productName = Nuke;
			productReference = 0C9174901BAE99EE004A7905 /* Nuke.framework */;
			productType = "com.apple.product-type.framework";
		};
/* End PBXNativeTarget section */

/* Begin PBXProject section */
		0C9174871BAE99EE004A7905 /* Project object */ = {
			isa = PBXProject;
			attributes = {
				BuildIndependentTargetsInParallel = YES;
				LastSwiftUpdateCheck = 1400;
				LastUpgradeCheck = 2600;
				ORGANIZATIONNAME = "Alexander Grebenyuk";
				TargetAttributes = {
					0C4F8FDE22E4B6ED0070ECFD = {
						CreatedOnToolsVersion = 10.2.1;
					};
					0C55FCFC28567875000FD2C9 = {
						CreatedOnToolsVersion = 14.0;
					};
					0C55FD0328567875000FD2C9 = {
						CreatedOnToolsVersion = 14.0;
						TestTargetID = 0C8D7BCF1D9DBF1600D12EB7;
					};
					0C7C06761BCA882A00089D7F = {
						CreatedOnToolsVersion = 7.0.1;
						LastSwiftMigration = 0900;
						ProvisioningStyle = Manual;
					};
					0C8D7BCF1D9DBF1600D12EB7 = {
						CreatedOnToolsVersion = 8.0;
						DevelopmentTeam = NR8DLKJ7E6;
						LastSwiftMigration = 0900;
						ProvisioningStyle = Automatic;
					};
					0C8D7BE71D9DC02B00D12EB7 = {
						CreatedOnToolsVersion = 8.0;
						LastSwiftMigration = 0930;
						TestTargetID = 0C8D7BCF1D9DBF1600D12EB7;
					};
					0C91748F1BAE99EE004A7905 = {
						CreatedOnToolsVersion = 7.0;
						LastSwiftMigration = 0900;
					};
				};
			};
			buildConfigurationList = 0C91748A1BAE99EE004A7905 /* Build configuration list for PBXProject "Nuke" */;
			compatibilityVersion = "Xcode 10.0";
			developmentRegion = en;
			hasScannedForEncodings = 0;
			knownRegions = (
				en,
				Base,
			);
			mainGroup = 0C9174861BAE99EE004A7905;
			productRefGroup = 0C9174911BAE99EE004A7905 /* Products */;
			projectDirPath = "";
			projectRoot = "";
			targets = (
				0C91748F1BAE99EE004A7905 /* Nuke */,
				0C7C06761BCA882A00089D7F /* Nuke Unit Tests */,
				0C4F8FDE22E4B6ED0070ECFD /* Nuke Thread Safety Tests */,
				0C8D7BE71D9DC02B00D12EB7 /* Nuke Performance Tests */,
				0C8D7BCF1D9DBF1600D12EB7 /* Nuke Tests Host */,
				0C38DAA128568FAE0027F9FF /* NukeUI */,
				0C38DAE428568FE20027F9FF /* NukeUI Unit Tests */,
				0C55FCFC28567875000FD2C9 /* NukeExtensions */,
				0C55FD0328567875000FD2C9 /* NukeExtensions Unit Tests */,
				0C75849B29A151FF00F985F8 /* NukeVideo */,
			);
		};
/* End PBXProject section */

/* Begin PBXResourcesBuildPhase section */
		0C38DB1D28568FE20027F9FF /* Resources */ = {
			isa = PBXResourcesBuildPhase;
			buildActionMask = 2147483647;
			files = (
			);
			runOnlyForDeploymentPostprocessing = 0;
		};
		0C4F8FDD22E4B6ED0070ECFD /* Resources */ = {
			isa = PBXResourcesBuildPhase;
			buildActionMask = 2147483647;
			files = (
			);
			runOnlyForDeploymentPostprocessing = 0;
		};
		0C55FCFB28567875000FD2C9 /* Resources */ = {
			isa = PBXResourcesBuildPhase;
			buildActionMask = 2147483647;
			files = (
			);
			runOnlyForDeploymentPostprocessing = 0;
		};
		0C55FD0228567875000FD2C9 /* Resources */ = {
			isa = PBXResourcesBuildPhase;
			buildActionMask = 2147483647;
			files = (
			);
			runOnlyForDeploymentPostprocessing = 0;
		};
		0C7C06751BCA882A00089D7F /* Resources */ = {
			isa = PBXResourcesBuildPhase;
			buildActionMask = 2147483647;
			files = (
			);
			runOnlyForDeploymentPostprocessing = 0;
		};
		0C8D7BCE1D9DBF1600D12EB7 /* Resources */ = {
			isa = PBXResourcesBuildPhase;
			buildActionMask = 2147483647;
			files = (
				0C8D7BDD1D9DBF1600D12EB7 /* LaunchScreen.storyboard in Resources */,
				0C8D7BDA1D9DBF1600D12EB7 /* Assets.xcassets in Resources */,
				0C8D7BD81D9DBF1600D12EB7 /* Main.storyboard in Resources */,
			);
			runOnlyForDeploymentPostprocessing = 0;
		};
		0C8D7BE61D9DC02B00D12EB7 /* Resources */ = {
			isa = PBXResourcesBuildPhase;
			buildActionMask = 2147483647;
			files = (
			);
			runOnlyForDeploymentPostprocessing = 0;
		};
/* End PBXResourcesBuildPhase section */

/* Begin PBXShellScriptBuildPhase section */
		0C06C96F22E47FD1000AA0A6 /* Lint */ = {
			isa = PBXShellScriptBuildPhase;
			alwaysOutOfDate = 1;
			buildActionMask = 2147483647;
			files = (
			);
			inputFileListPaths = (
			);
			inputPaths = (
			);
			name = Lint;
			outputFileListPaths = (
			);
			outputPaths = (
			);
			runOnlyForDeploymentPostprocessing = 0;
			shellPath = /bin/sh;
			shellScript = ".scripts/lint.sh\n";
		};
		0C38DAA228568FAE0027F9FF /* Lint */ = {
			isa = PBXShellScriptBuildPhase;
			alwaysOutOfDate = 1;
			buildActionMask = 2147483647;
			files = (
			);
			inputFileListPaths = (
			);
			inputPaths = (
			);
			name = Lint;
			outputFileListPaths = (
			);
			outputPaths = (
			);
			runOnlyForDeploymentPostprocessing = 0;
			shellPath = /bin/sh;
			shellScript = ".scripts/lint.sh\n";
		};
		0C75849C29A151FF00F985F8 /* Lint */ = {
			isa = PBXShellScriptBuildPhase;
			alwaysOutOfDate = 1;
			buildActionMask = 2147483647;
			files = (
			);
			inputFileListPaths = (
			);
			inputPaths = (
			);
			name = Lint;
			outputFileListPaths = (
			);
			outputPaths = (
			);
			runOnlyForDeploymentPostprocessing = 0;
			shellPath = /bin/sh;
			shellScript = ".scripts/lint.sh\n";
		};
		0CC04A952C4BD3BB00F1164D /* Lint */ = {
			isa = PBXShellScriptBuildPhase;
			alwaysOutOfDate = 1;
			buildActionMask = 2147483647;
			files = (
			);
			inputFileListPaths = (
			);
			inputPaths = (
			);
			name = Lint;
			outputFileListPaths = (
			);
			outputPaths = (
			);
			runOnlyForDeploymentPostprocessing = 0;
			shellPath = /bin/sh;
			shellScript = ".scripts/lint.sh\n";
		};
/* End PBXShellScriptBuildPhase section */

/* Begin PBXSourcesBuildPhase section */
		0C38DAA328568FAE0027F9FF /* Sources */ = {
			isa = PBXSourcesBuildPhase;
			buildActionMask = 2147483647;
			files = (
			);
			runOnlyForDeploymentPostprocessing = 0;
		};
		0C38DAE528568FE20027F9FF /* Sources */ = {
			isa = PBXSourcesBuildPhase;
			buildActionMask = 2147483647;
			files = (
			);
			runOnlyForDeploymentPostprocessing = 0;
		};
		0C4F8FDB22E4B6ED0070ECFD /* Sources */ = {
			isa = PBXSourcesBuildPhase;
			buildActionMask = 2147483647;
			files = (
			);
			runOnlyForDeploymentPostprocessing = 0;
		};
		0C55FCF928567875000FD2C9 /* Sources */ = {
			isa = PBXSourcesBuildPhase;
			buildActionMask = 2147483647;
			files = (
			);
			runOnlyForDeploymentPostprocessing = 0;
		};
		0C55FD0028567875000FD2C9 /* Sources */ = {
			isa = PBXSourcesBuildPhase;
			buildActionMask = 2147483647;
			files = (
			);
			runOnlyForDeploymentPostprocessing = 0;
		};
		0C75849D29A151FF00F985F8 /* Sources */ = {
			isa = PBXSourcesBuildPhase;
			buildActionMask = 2147483647;
			files = (
			);
			runOnlyForDeploymentPostprocessing = 0;
		};
		0C7C06731BCA882A00089D7F /* Sources */ = {
			isa = PBXSourcesBuildPhase;
			buildActionMask = 2147483647;
			files = (
			);
			runOnlyForDeploymentPostprocessing = 0;
		};
		0C8D7BCC1D9DBF1600D12EB7 /* Sources */ = {
			isa = PBXSourcesBuildPhase;
			buildActionMask = 2147483647;
			files = (
				0C8D7BD31D9DBF1600D12EB7 /* AppDelegate.swift in Sources */,
			);
			runOnlyForDeploymentPostprocessing = 0;
		};
		0C8D7BE41D9DC02B00D12EB7 /* Sources */ = {
			isa = PBXSourcesBuildPhase;
			buildActionMask = 2147483647;
			files = (
			);
			runOnlyForDeploymentPostprocessing = 0;
		};
		0C91748B1BAE99EE004A7905 /* Sources */ = {
			isa = PBXSourcesBuildPhase;
			buildActionMask = 2147483647;
			files = (
			);
			runOnlyForDeploymentPostprocessing = 0;
		};
/* End PBXSourcesBuildPhase section */

/* Begin PBXTargetDependency section */
		0C1C202029ABBF19004B38FD /* PBXTargetDependency */ = {
			isa = PBXTargetDependency;
			target = 0C91748F1BAE99EE004A7905 /* Nuke */;
			targetProxy = 0C1C201F29ABBF19004B38FD /* PBXContainerItemProxy */;
		};
		0C38DB4A285690D20027F9FF /* PBXTargetDependency */ = {
			isa = PBXTargetDependency;
			target = 0C38DAA128568FAE0027F9FF /* NukeUI */;
			targetProxy = 0C38DB49285690D20027F9FF /* PBXContainerItemProxy */;
		};
		0C55FD0728567875000FD2C9 /* PBXTargetDependency */ = {
			isa = PBXTargetDependency;
			target = 0C55FCFC28567875000FD2C9 /* NukeExtensions */;
			targetProxy = 0C55FD0628567875000FD2C9 /* PBXContainerItemProxy */;
		};
		0C55FD0F28567875000FD2C9 /* PBXTargetDependency */ = {
			isa = PBXTargetDependency;
			target = 0C55FCFC28567875000FD2C9 /* NukeExtensions */;
			targetProxy = 0C55FD0E28567875000FD2C9 /* PBXContainerItemProxy */;
		};
		0C8D7BEF1D9DC02B00D12EB7 /* PBXTargetDependency */ = {
			isa = PBXTargetDependency;
			target = 0C91748F1BAE99EE004A7905 /* Nuke */;
			targetProxy = 0C8D7BEE1D9DC02B00D12EB7 /* PBXContainerItemProxy */;
		};
		0C8D7BF41D9DC03A00D12EB7 /* PBXTargetDependency */ = {
			isa = PBXTargetDependency;
			target = 0C8D7BCF1D9DBF1600D12EB7 /* Nuke Tests Host */;
			targetProxy = 0C8D7BF31D9DC03A00D12EB7 /* PBXContainerItemProxy */;
		};
		0CB644AE28567FC500916267 /* PBXTargetDependency */ = {
			isa = PBXTargetDependency;
			target = 0C55FCFC28567875000FD2C9 /* NukeExtensions */;
			targetProxy = 0CB644AD28567FC500916267 /* PBXContainerItemProxy */;
		};
/* End PBXTargetDependency section */

/* Begin PBXVariantGroup section */
		0C8D7BD61D9DBF1600D12EB7 /* Main.storyboard */ = {
			isa = PBXVariantGroup;
			children = (
				0C8D7BD71D9DBF1600D12EB7 /* Base */,
			);
			name = Main.storyboard;
			sourceTree = "<group>";
		};
		0C8D7BDB1D9DBF1600D12EB7 /* LaunchScreen.storyboard */ = {
			isa = PBXVariantGroup;
			children = (
				0C8D7BDC1D9DBF1600D12EB7 /* Base */,
			);
			name = LaunchScreen.storyboard;
			sourceTree = "<group>";
		};
/* End PBXVariantGroup section */

/* Begin XCBuildConfiguration section */
		0C38DADE28568FAE0027F9FF /* Debug */ = {
			isa = XCBuildConfiguration;
			buildSettings = {
				APPLICATION_EXTENSION_API_ONLY = YES;
				BUILD_LIBRARY_FOR_DISTRIBUTION = YES;
				CLANG_ENABLE_OBJC_WEAK = YES;
				DEAD_CODE_STRIPPING = YES;
				DOCC_HOSTING_BASE_PATH = /nukeui/;
				DYLIB_INSTALL_NAME_BASE = "@rpath";
				LD_RUNPATH_SEARCH_PATHS = (
					"$(inherited)",
					"@executable_path/Frameworks",
					"@loader_path/Frameworks",
				);
				MACOSX_DEPLOYMENT_TARGET = 11.0;
				OTHER_SWIFT_FLAGS = "-D DEBUG";
				PRODUCT_BUNDLE_IDENTIFIER = com.github.kean.nukeui;
				PRODUCT_NAME = "$(TARGET_NAME)";
			};
			name = Debug;
		};
		0C38DADF28568FAE0027F9FF /* Release */ = {
			isa = XCBuildConfiguration;
			buildSettings = {
				APPLICATION_EXTENSION_API_ONLY = YES;
				BUILD_LIBRARY_FOR_DISTRIBUTION = YES;
				CLANG_ENABLE_OBJC_WEAK = YES;
				DEAD_CODE_STRIPPING = YES;
				DOCC_HOSTING_BASE_PATH = /nukeui/;
				DYLIB_INSTALL_NAME_BASE = "@rpath";
				LD_RUNPATH_SEARCH_PATHS = (
					"$(inherited)",
					"@executable_path/Frameworks",
					"@loader_path/Frameworks",
				);
				MACOSX_DEPLOYMENT_TARGET = 11.0;
				PRODUCT_BUNDLE_IDENTIFIER = com.github.kean.nukeui;
				PRODUCT_NAME = "$(TARGET_NAME)";
			};
			name = Release;
		};
		0C38DB3228568FE20027F9FF /* Debug */ = {
			isa = XCBuildConfiguration;
			buildSettings = {
				CLANG_ENABLE_OBJC_WEAK = YES;
				DEAD_CODE_STRIPPING = YES;
				LD_RUNPATH_SEARCH_PATHS = (
					"$(inherited)",
					"@executable_path/Frameworks",
					"@loader_path/Frameworks",
				);
				MACOSX_DEPLOYMENT_TARGET = 11.0;
				OTHER_SWIFT_FLAGS = "-D DEBUG";
				PRODUCT_BUNDLE_IDENTIFIER = "com.github.kean.nukeui-unit-tests";
				PRODUCT_NAME = "$(TARGET_NAME)";
				SWIFT_VERSION = 5.0;
			};
			name = Debug;
		};
		0C38DB3328568FE20027F9FF /* Release */ = {
			isa = XCBuildConfiguration;
			buildSettings = {
				CLANG_ENABLE_OBJC_WEAK = YES;
				DEAD_CODE_STRIPPING = YES;
				LD_RUNPATH_SEARCH_PATHS = (
					"$(inherited)",
					"@executable_path/Frameworks",
					"@loader_path/Frameworks",
				);
				MACOSX_DEPLOYMENT_TARGET = 11.0;
				PRODUCT_BUNDLE_IDENTIFIER = "com.github.kean.nukeui-unit-tests";
				PRODUCT_NAME = "$(TARGET_NAME)";
				SWIFT_VERSION = 5.0;
			};
			name = Release;
		};
		0C4F8FE522E4B6ED0070ECFD /* Debug */ = {
			isa = XCBuildConfiguration;
			buildSettings = {
				CLANG_ENABLE_OBJC_WEAK = YES;
				DEAD_CODE_STRIPPING = YES;
				LD_RUNPATH_SEARCH_PATHS = (
					"$(inherited)",
					"@executable_path/Frameworks",
					"@loader_path/Frameworks",
				);
				MACOSX_DEPLOYMENT_TARGET = 11.0;
				PRODUCT_BUNDLE_IDENTIFIER = "com.github.kean.Nuke-Thread-Safety-Tests";
				PRODUCT_NAME = "$(TARGET_NAME)";
				SWIFT_ACTIVE_COMPILATION_CONDITIONS = DEBUG;
				SWIFT_VERSION = 5.0;
			};
			name = Debug;
		};
		0C4F8FE622E4B6ED0070ECFD /* Release */ = {
			isa = XCBuildConfiguration;
			buildSettings = {
				CLANG_ENABLE_OBJC_WEAK = YES;
				DEAD_CODE_STRIPPING = YES;
				LD_RUNPATH_SEARCH_PATHS = (
					"$(inherited)",
					"@executable_path/Frameworks",
					"@loader_path/Frameworks",
				);
				MACOSX_DEPLOYMENT_TARGET = 11.0;
				PRODUCT_BUNDLE_IDENTIFIER = "com.github.kean.Nuke-Thread-Safety-Tests";
				PRODUCT_NAME = "$(TARGET_NAME)";
				SWIFT_VERSION = 5.0;
			};
			name = Release;
		};
		0C55FD1328567875000FD2C9 /* Debug */ = {
			isa = XCBuildConfiguration;
			buildSettings = {
				APPLICATION_EXTENSION_API_ONLY = YES;
				BUILD_LIBRARY_FOR_DISTRIBUTION = YES;
				CLANG_ENABLE_OBJC_WEAK = YES;
				DEAD_CODE_STRIPPING = YES;
				DOCC_HOSTING_BASE_PATH = /nukeextensions/;
				DYLIB_INSTALL_NAME_BASE = "@rpath";
				LD_RUNPATH_SEARCH_PATHS = (
					"$(inherited)",
					"@executable_path/Frameworks",
					"@loader_path/Frameworks",
				);
				MACOSX_DEPLOYMENT_TARGET = 11.0;
				PRODUCT_BUNDLE_IDENTIFIER = "com.github.kean.nuke-extensions";
				PRODUCT_NAME = NukeExtensions;
				SWIFT_ACTIVE_COMPILATION_CONDITIONS = DEBUG;
			};
			name = Debug;
		};
		0C55FD1428567875000FD2C9 /* Release */ = {
			isa = XCBuildConfiguration;
			buildSettings = {
				APPLICATION_EXTENSION_API_ONLY = YES;
				BUILD_LIBRARY_FOR_DISTRIBUTION = YES;
				CLANG_ENABLE_OBJC_WEAK = YES;
				DEAD_CODE_STRIPPING = YES;
				DOCC_HOSTING_BASE_PATH = /nukeextensions/;
				DYLIB_INSTALL_NAME_BASE = "@rpath";
				LD_RUNPATH_SEARCH_PATHS = (
					"$(inherited)",
					"@executable_path/Frameworks",
					"@loader_path/Frameworks",
				);
				MACOSX_DEPLOYMENT_TARGET = 11.0;
				PRODUCT_BUNDLE_IDENTIFIER = "com.github.kean.nuke-extensions";
				PRODUCT_NAME = NukeExtensions;
			};
			name = Release;
		};
		0C55FD1728567875000FD2C9 /* Debug */ = {
			isa = XCBuildConfiguration;
			buildSettings = {
				CLANG_ENABLE_OBJC_WEAK = YES;
				DEAD_CODE_STRIPPING = YES;
				LD_RUNPATH_SEARCH_PATHS = (
					"$(inherited)",
					"@executable_path/Frameworks",
					"@loader_path/Frameworks",
				);
				"LD_RUNPATH_SEARCH_PATHS[sdk=macosx*]" = (
					"$(inherited)",
					"@executable_path/../Frameworks",
					"@loader_path/../Frameworks",
				);
				MACOSX_DEPLOYMENT_TARGET = 11.0;
				PRODUCT_BUNDLE_IDENTIFIER = com.github.kean.NukeExtensionsTests;
				PRODUCT_NAME = "$(TARGET_NAME)";
				SWIFT_ACTIVE_COMPILATION_CONDITIONS = DEBUG;
				SWIFT_VERSION = 5.0;
			};
			name = Debug;
		};
		0C55FD1828567875000FD2C9 /* Release */ = {
			isa = XCBuildConfiguration;
			buildSettings = {
				CLANG_ENABLE_OBJC_WEAK = YES;
				DEAD_CODE_STRIPPING = YES;
				LD_RUNPATH_SEARCH_PATHS = (
					"$(inherited)",
					"@executable_path/Frameworks",
					"@loader_path/Frameworks",
				);
				"LD_RUNPATH_SEARCH_PATHS[sdk=macosx*]" = (
					"$(inherited)",
					"@executable_path/../Frameworks",
					"@loader_path/../Frameworks",
				);
				MACOSX_DEPLOYMENT_TARGET = 11.0;
				PRODUCT_BUNDLE_IDENTIFIER = com.github.kean.NukeExtensionsTests;
				PRODUCT_NAME = "$(TARGET_NAME)";
				SWIFT_VERSION = 5.0;
			};
			name = Release;
		};
		0C7584A829A151FF00F985F8 /* Debug */ = {
			isa = XCBuildConfiguration;
			buildSettings = {
				APPLICATION_EXTENSION_API_ONLY = YES;
				BUILD_LIBRARY_FOR_DISTRIBUTION = YES;
				CLANG_ENABLE_OBJC_WEAK = YES;
				DEAD_CODE_STRIPPING = YES;
				DOCC_HOSTING_BASE_PATH = /nukevideo/;
				DYLIB_INSTALL_NAME_BASE = "@rpath";
				LD_RUNPATH_SEARCH_PATHS = (
					"$(inherited)",
					"@executable_path/Frameworks",
					"@loader_path/Frameworks",
				);
				MACOSX_DEPLOYMENT_TARGET = 11.0;
				OTHER_SWIFT_FLAGS = "-D DEBUG";
				PRODUCT_BUNDLE_IDENTIFIER = com.github.kean.nukevideo;
				PRODUCT_NAME = "$(TARGET_NAME)";
			};
			name = Debug;
		};
		0C7584A929A151FF00F985F8 /* Release */ = {
			isa = XCBuildConfiguration;
			buildSettings = {
				APPLICATION_EXTENSION_API_ONLY = YES;
				BUILD_LIBRARY_FOR_DISTRIBUTION = YES;
				CLANG_ENABLE_OBJC_WEAK = YES;
				DEAD_CODE_STRIPPING = YES;
				DOCC_HOSTING_BASE_PATH = /nukevideo/;
				DYLIB_INSTALL_NAME_BASE = "@rpath";
				LD_RUNPATH_SEARCH_PATHS = (
					"$(inherited)",
					"@executable_path/Frameworks",
					"@loader_path/Frameworks",
				);
				MACOSX_DEPLOYMENT_TARGET = 11.0;
				PRODUCT_BUNDLE_IDENTIFIER = com.github.kean.nukevideo;
				PRODUCT_NAME = "$(TARGET_NAME)";
			};
			name = Release;
		};
		0C7C06801BCA882A00089D7F /* Debug */ = {
			isa = XCBuildConfiguration;
			buildSettings = {
				CLANG_ENABLE_OBJC_WEAK = YES;
				DEAD_CODE_STRIPPING = YES;
				LD_RUNPATH_SEARCH_PATHS = (
					"$(inherited)",
					"@executable_path/Frameworks",
					"@loader_path/Frameworks",
				);
				MACOSX_DEPLOYMENT_TARGET = 11.0;
				OTHER_SWIFT_FLAGS = "-D DEBUG";
				PRODUCT_BUNDLE_IDENTIFIER = "com.github.kean.Nuke-Tests";
				PRODUCT_NAME = "$(TARGET_NAME)";
				SWIFT_STRICT_CONCURRENCY = complete;
				SWIFT_VERSION = 5.0;
			};
			name = Debug;
		};
		0C7C06811BCA882A00089D7F /* Release */ = {
			isa = XCBuildConfiguration;
			buildSettings = {
				CLANG_ENABLE_OBJC_WEAK = YES;
				DEAD_CODE_STRIPPING = YES;
				LD_RUNPATH_SEARCH_PATHS = (
					"$(inherited)",
					"@executable_path/Frameworks",
					"@loader_path/Frameworks",
				);
				MACOSX_DEPLOYMENT_TARGET = 11.0;
				PRODUCT_BUNDLE_IDENTIFIER = "com.github.kean.Nuke-Tests";
				PRODUCT_NAME = "$(TARGET_NAME)";
				SWIFT_STRICT_CONCURRENCY = complete;
				SWIFT_VERSION = 5.0;
			};
			name = Release;
		};
		0C8D7BDF1D9DBF1600D12EB7 /* Debug */ = {
			isa = XCBuildConfiguration;
			buildSettings = {
				ASSETCATALOG_COMPILER_APPICON_NAME = AppIcon;
				CLANG_ENABLE_OBJC_WEAK = YES;
				CODE_SIGN_IDENTITY = "iPhone Developer";
				CODE_SIGN_STYLE = Automatic;
				DEAD_CODE_STRIPPING = YES;
				DEVELOPMENT_TEAM = NR8DLKJ7E6;
				LD_RUNPATH_SEARCH_PATHS = (
					"$(inherited)",
					"@executable_path/Frameworks",
				);
				MACOSX_DEPLOYMENT_TARGET = 11.0;
				MARKETING_VERSION = 1.0;
				PRODUCT_BUNDLE_IDENTIFIER = "com.github.kean.Nuke-iOS-Tests-Host";
				PRODUCT_NAME = "$(TARGET_NAME)";
				PROVISIONING_PROFILE_SPECIFIER = "";
				SWIFT_ACTIVE_COMPILATION_CONDITIONS = DEBUG;
			};
			name = Debug;
		};
		0C8D7BE01D9DBF1600D12EB7 /* Release */ = {
			isa = XCBuildConfiguration;
			buildSettings = {
				ASSETCATALOG_COMPILER_APPICON_NAME = AppIcon;
				CLANG_ENABLE_OBJC_WEAK = YES;
				CODE_SIGN_IDENTITY = "iPhone Developer";
				CODE_SIGN_STYLE = Automatic;
				DEAD_CODE_STRIPPING = YES;
				DEVELOPMENT_TEAM = NR8DLKJ7E6;
				LD_RUNPATH_SEARCH_PATHS = (
					"$(inherited)",
					"@executable_path/Frameworks",
				);
				MACOSX_DEPLOYMENT_TARGET = 11.0;
				MARKETING_VERSION = 1.0;
				PRODUCT_BUNDLE_IDENTIFIER = "com.github.kean.Nuke-iOS-Tests-Host";
				PRODUCT_NAME = "$(TARGET_NAME)";
				PROVISIONING_PROFILE_SPECIFIER = "";
			};
			name = Release;
		};
		0C8D7BF11D9DC02B00D12EB7 /* Debug */ = {
			isa = XCBuildConfiguration;
			buildSettings = {
				CLANG_ENABLE_OBJC_WEAK = YES;
				CODE_SIGN_IDENTITY = "Apple Development";
				CODE_SIGN_STYLE = Automatic;
				DEAD_CODE_STRIPPING = YES;
				DEVELOPMENT_TEAM = NR8DLKJ7E6;
				LD_RUNPATH_SEARCH_PATHS = (
					"$(inherited)",
					"@executable_path/Frameworks",
					"@loader_path/Frameworks",
				);
				MACOSX_DEPLOYMENT_TARGET = 11.0;
				PRODUCT_BUNDLE_IDENTIFIER = "com.github.kean.Nuke-iOS-Performance-Tests";
				PRODUCT_NAME = "$(TARGET_NAME)";
				PROVISIONING_PROFILE_SPECIFIER = "";
				SUPPORTED_PLATFORMS = "iphonesimulator iphoneos";
				SWIFT_ACTIVE_COMPILATION_CONDITIONS = DEBUG;
				SWIFT_VERSION = 5.0;
				TEST_HOST = "$(BUILT_PRODUCTS_DIR)/Nuke Tests Host.app/Nuke Tests Host";
			};
			name = Debug;
		};
		0C8D7BF21D9DC02B00D12EB7 /* Release */ = {
			isa = XCBuildConfiguration;
			buildSettings = {
				CLANG_ENABLE_OBJC_WEAK = YES;
				CODE_SIGN_IDENTITY = "Apple Development";
				CODE_SIGN_STYLE = Automatic;
				DEAD_CODE_STRIPPING = YES;
				DEVELOPMENT_TEAM = NR8DLKJ7E6;
				LD_RUNPATH_SEARCH_PATHS = (
					"$(inherited)",
					"@executable_path/Frameworks",
					"@loader_path/Frameworks",
				);
				MACOSX_DEPLOYMENT_TARGET = 11.0;
				PRODUCT_BUNDLE_IDENTIFIER = "com.github.kean.Nuke-iOS-Performance-Tests";
				PRODUCT_NAME = "$(TARGET_NAME)";
				PROVISIONING_PROFILE_SPECIFIER = "";
				SUPPORTED_PLATFORMS = "iphonesimulator iphoneos";
				SWIFT_VERSION = 5.0;
				TEST_HOST = "$(BUILT_PRODUCTS_DIR)/Nuke Tests Host.app/Nuke Tests Host";
			};
			name = Release;
		};
		0C9174961BAE99EE004A7905 /* Debug */ = {
			isa = XCBuildConfiguration;
			buildSettings = {
				ALLOW_TARGET_PLATFORM_SPECIALIZATION = YES;
				ALWAYS_SEARCH_USER_PATHS = NO;
				CLANG_ANALYZER_LOCALIZABILITY_NONLOCALIZED = YES;
				CLANG_CXX_LANGUAGE_STANDARD = "gnu++0x";
				CLANG_ENABLE_MODULES = YES;
				CLANG_WARN_BLOCK_CAPTURE_AUTORELEASING = YES;
				CLANG_WARN_BOOL_CONVERSION = YES;
				CLANG_WARN_COMMA = YES;
				CLANG_WARN_CONSTANT_CONVERSION = YES;
				CLANG_WARN_DEPRECATED_OBJC_IMPLEMENTATIONS = YES;
				CLANG_WARN_DIRECT_OBJC_ISA_USAGE = YES_ERROR;
				CLANG_WARN_DOCUMENTATION_COMMENTS = YES;
				CLANG_WARN_EMPTY_BODY = YES;
				CLANG_WARN_ENUM_CONVERSION = YES;
				CLANG_WARN_INFINITE_RECURSION = YES;
				CLANG_WARN_INT_CONVERSION = YES;
				CLANG_WARN_NON_LITERAL_NULL_CONVERSION = YES;
				CLANG_WARN_OBJC_IMPLICIT_RETAIN_SELF = YES;
				CLANG_WARN_OBJC_LITERAL_CONVERSION = YES;
				CLANG_WARN_OBJC_ROOT_CLASS = YES_ERROR;
				CLANG_WARN_QUOTED_INCLUDE_IN_FRAMEWORK_HEADER = YES;
				CLANG_WARN_RANGE_LOOP_ANALYSIS = YES;
				CLANG_WARN_STRICT_PROTOTYPES = YES;
				CLANG_WARN_SUSPICIOUS_MOVE = YES;
				CLANG_WARN_UNREACHABLE_CODE = YES;
				CLANG_WARN__DUPLICATE_METHOD_MATCH = YES;
				COPY_PHASE_STRIP = NO;
				CURRENT_PROJECT_VERSION = 1;
				DEAD_CODE_STRIPPING = YES;
				ENABLE_STRICT_OBJC_MSGSEND = YES;
				ENABLE_TESTABILITY = YES;
				ENABLE_USER_SCRIPT_SANDBOXING = NO;
				GCC_C_LANGUAGE_STANDARD = gnu99;
				GCC_DYNAMIC_NO_PIC = NO;
				GCC_NO_COMMON_BLOCKS = YES;
				GCC_OPTIMIZATION_LEVEL = 0;
				GCC_PREPROCESSOR_DEFINITIONS = (
					"DEBUG=1",
					"$(inherited)",
				);
				GCC_WARN_64_TO_32_BIT_CONVERSION = YES;
				GCC_WARN_ABOUT_RETURN_TYPE = YES_ERROR;
				GCC_WARN_UNDECLARED_SELECTOR = YES;
				GCC_WARN_UNINITIALIZED_AUTOS = YES_AGGRESSIVE;
				GCC_WARN_UNUSED_FUNCTION = YES;
				GCC_WARN_UNUSED_VARIABLE = YES;
				GENERATE_INFOPLIST_FILE = YES;
				IPHONEOS_DEPLOYMENT_TARGET = 15.6;
				MACOSX_DEPLOYMENT_TARGET = 12.4;
				MARKETING_VERSION = 12.8.1;
				ONLY_ACTIVE_ARCH = YES;
				SKIP_INSTALL = YES;
				STRING_CATALOG_GENERATE_SYMBOLS = YES;
				SUPPORTED_PLATFORMS = "watchsimulator watchos macosx iphonesimulator iphoneos driverkit appletvsimulator appletvos";
				SUPPORTS_MACCATALYST = YES;
				SWIFT_OPTIMIZATION_LEVEL = "-Onone";
				SWIFT_VERSION = 6.0;
				TVOS_DEPLOYMENT_TARGET = 15.6;
				VERSIONING_SYSTEM = "apple-generic";
				VERSION_INFO_PREFIX = "";
				WATCHOS_DEPLOYMENT_TARGET = 8.7;
			};
			name = Debug;
		};
		0C9174971BAE99EE004A7905 /* Release */ = {
			isa = XCBuildConfiguration;
			buildSettings = {
				ALLOW_TARGET_PLATFORM_SPECIALIZATION = YES;
				ALWAYS_SEARCH_USER_PATHS = NO;
				CLANG_ANALYZER_LOCALIZABILITY_NONLOCALIZED = YES;
				CLANG_CXX_LANGUAGE_STANDARD = "gnu++0x";
				CLANG_ENABLE_MODULES = YES;
				CLANG_WARN_BLOCK_CAPTURE_AUTORELEASING = YES;
				CLANG_WARN_BOOL_CONVERSION = YES;
				CLANG_WARN_COMMA = YES;
				CLANG_WARN_CONSTANT_CONVERSION = YES;
				CLANG_WARN_DEPRECATED_OBJC_IMPLEMENTATIONS = YES;
				CLANG_WARN_DIRECT_OBJC_ISA_USAGE = YES_ERROR;
				CLANG_WARN_DOCUMENTATION_COMMENTS = YES;
				CLANG_WARN_EMPTY_BODY = YES;
				CLANG_WARN_ENUM_CONVERSION = YES;
				CLANG_WARN_INFINITE_RECURSION = YES;
				CLANG_WARN_INT_CONVERSION = YES;
				CLANG_WARN_NON_LITERAL_NULL_CONVERSION = YES;
				CLANG_WARN_OBJC_IMPLICIT_RETAIN_SELF = YES;
				CLANG_WARN_OBJC_LITERAL_CONVERSION = YES;
				CLANG_WARN_OBJC_ROOT_CLASS = YES_ERROR;
				CLANG_WARN_QUOTED_INCLUDE_IN_FRAMEWORK_HEADER = YES;
				CLANG_WARN_RANGE_LOOP_ANALYSIS = YES;
				CLANG_WARN_STRICT_PROTOTYPES = YES;
				CLANG_WARN_SUSPICIOUS_MOVE = YES;
				CLANG_WARN_UNREACHABLE_CODE = YES;
				CLANG_WARN__DUPLICATE_METHOD_MATCH = YES;
				COPY_PHASE_STRIP = NO;
				CURRENT_PROJECT_VERSION = 1;
				DEAD_CODE_STRIPPING = YES;
				ENABLE_NS_ASSERTIONS = NO;
				ENABLE_STRICT_OBJC_MSGSEND = YES;
				ENABLE_USER_SCRIPT_SANDBOXING = NO;
				GCC_C_LANGUAGE_STANDARD = gnu99;
				GCC_NO_COMMON_BLOCKS = YES;
				GCC_WARN_64_TO_32_BIT_CONVERSION = YES;
				GCC_WARN_ABOUT_RETURN_TYPE = YES_ERROR;
				GCC_WARN_UNDECLARED_SELECTOR = YES;
				GCC_WARN_UNINITIALIZED_AUTOS = YES_AGGRESSIVE;
				GCC_WARN_UNUSED_FUNCTION = YES;
				GCC_WARN_UNUSED_VARIABLE = YES;
				GENERATE_INFOPLIST_FILE = YES;
				IPHONEOS_DEPLOYMENT_TARGET = 15.6;
				MACOSX_DEPLOYMENT_TARGET = 12.4;
				MARKETING_VERSION = 12.8.1;
				SKIP_INSTALL = YES;
				STRING_CATALOG_GENERATE_SYMBOLS = YES;
				SUPPORTED_PLATFORMS = "watchsimulator watchos macosx iphonesimulator iphoneos driverkit appletvsimulator appletvos";
				SUPPORTS_MACCATALYST = YES;
				SWIFT_VERSION = 6.0;
				TVOS_DEPLOYMENT_TARGET = 15.6;
				VALIDATE_PRODUCT = YES;
				VERSIONING_SYSTEM = "apple-generic";
				VERSION_INFO_PREFIX = "";
				WATCHOS_DEPLOYMENT_TARGET = 8.7;
			};
			name = Release;
		};
		0C9174991BAE99EE004A7905 /* Debug */ = {
			isa = XCBuildConfiguration;
			buildSettings = {
				APPLICATION_EXTENSION_API_ONLY = YES;
				BUILD_LIBRARY_FOR_DISTRIBUTION = YES;
				CLANG_ENABLE_OBJC_WEAK = YES;
				DEAD_CODE_STRIPPING = YES;
				DOCC_HOSTING_BASE_PATH = /nuke/;
				DYLIB_INSTALL_NAME_BASE = "@rpath";
				LD_RUNPATH_SEARCH_PATHS = (
					"$(inherited)",
					"@executable_path/Frameworks",
					"@loader_path/Frameworks",
				);
				MACOSX_DEPLOYMENT_TARGET = 11.0;
				OTHER_SWIFT_FLAGS = "-D DEBUG";
				PRODUCT_BUNDLE_IDENTIFIER = com.github.kean.nuke;
				PRODUCT_NAME = Nuke;
			};
			name = Debug;
		};
		0C91749A1BAE99EE004A7905 /* Release */ = {
			isa = XCBuildConfiguration;
			buildSettings = {
				APPLICATION_EXTENSION_API_ONLY = YES;
				BUILD_LIBRARY_FOR_DISTRIBUTION = YES;
				CLANG_ENABLE_OBJC_WEAK = YES;
				DEAD_CODE_STRIPPING = YES;
				DOCC_HOSTING_BASE_PATH = /nuke/;
				DYLIB_INSTALL_NAME_BASE = "@rpath";
				LD_RUNPATH_SEARCH_PATHS = (
					"$(inherited)",
					"@executable_path/Frameworks",
					"@loader_path/Frameworks",
				);
				MACOSX_DEPLOYMENT_TARGET = 11.0;
				PRODUCT_BUNDLE_IDENTIFIER = com.github.kean.nuke;
				PRODUCT_NAME = Nuke;
			};
			name = Release;
		};
/* End XCBuildConfiguration section */

/* Begin XCConfigurationList section */
		0C38DADD28568FAE0027F9FF /* Build configuration list for PBXNativeTarget "NukeUI" */ = {
			isa = XCConfigurationList;
			buildConfigurations = (
				0C38DADE28568FAE0027F9FF /* Debug */,
				0C38DADF28568FAE0027F9FF /* Release */,
			);
			defaultConfigurationIsVisible = 0;
			defaultConfigurationName = Release;
		};
		0C38DB3128568FE20027F9FF /* Build configuration list for PBXNativeTarget "NukeUI Unit Tests" */ = {
			isa = XCConfigurationList;
			buildConfigurations = (
				0C38DB3228568FE20027F9FF /* Debug */,
				0C38DB3328568FE20027F9FF /* Release */,
			);
			defaultConfigurationIsVisible = 0;
			defaultConfigurationName = Release;
		};
		0C4F8FE422E4B6ED0070ECFD /* Build configuration list for PBXNativeTarget "Nuke Thread Safety Tests" */ = {
			isa = XCConfigurationList;
			buildConfigurations = (
				0C4F8FE522E4B6ED0070ECFD /* Debug */,
				0C4F8FE622E4B6ED0070ECFD /* Release */,
			);
			defaultConfigurationIsVisible = 0;
			defaultConfigurationName = Release;
		};
		0C55FD1228567875000FD2C9 /* Build configuration list for PBXNativeTarget "NukeExtensions" */ = {
			isa = XCConfigurationList;
			buildConfigurations = (
				0C55FD1328567875000FD2C9 /* Debug */,
				0C55FD1428567875000FD2C9 /* Release */,
			);
			defaultConfigurationIsVisible = 0;
			defaultConfigurationName = Release;
		};
		0C55FD1628567875000FD2C9 /* Build configuration list for PBXNativeTarget "NukeExtensions Unit Tests" */ = {
			isa = XCConfigurationList;
			buildConfigurations = (
				0C55FD1728567875000FD2C9 /* Debug */,
				0C55FD1828567875000FD2C9 /* Release */,
			);
			defaultConfigurationIsVisible = 0;
			defaultConfigurationName = Release;
		};
		0C7584A729A151FF00F985F8 /* Build configuration list for PBXNativeTarget "NukeVideo" */ = {
			isa = XCConfigurationList;
			buildConfigurations = (
				0C7584A829A151FF00F985F8 /* Debug */,
				0C7584A929A151FF00F985F8 /* Release */,
			);
			defaultConfigurationIsVisible = 0;
			defaultConfigurationName = Release;
		};
		0C7C067F1BCA882A00089D7F /* Build configuration list for PBXNativeTarget "Nuke Unit Tests" */ = {
			isa = XCConfigurationList;
			buildConfigurations = (
				0C7C06801BCA882A00089D7F /* Debug */,
				0C7C06811BCA882A00089D7F /* Release */,
			);
			defaultConfigurationIsVisible = 0;
			defaultConfigurationName = Release;
		};
		0C8D7BE11D9DBF1600D12EB7 /* Build configuration list for PBXNativeTarget "Nuke Tests Host" */ = {
			isa = XCConfigurationList;
			buildConfigurations = (
				0C8D7BDF1D9DBF1600D12EB7 /* Debug */,
				0C8D7BE01D9DBF1600D12EB7 /* Release */,
			);
			defaultConfigurationIsVisible = 0;
			defaultConfigurationName = Release;
		};
		0C8D7BF01D9DC02B00D12EB7 /* Build configuration list for PBXNativeTarget "Nuke Performance Tests" */ = {
			isa = XCConfigurationList;
			buildConfigurations = (
				0C8D7BF11D9DC02B00D12EB7 /* Debug */,
				0C8D7BF21D9DC02B00D12EB7 /* Release */,
			);
			defaultConfigurationIsVisible = 0;
			defaultConfigurationName = Release;
		};
		0C91748A1BAE99EE004A7905 /* Build configuration list for PBXProject "Nuke" */ = {
			isa = XCConfigurationList;
			buildConfigurations = (
				0C9174961BAE99EE004A7905 /* Debug */,
				0C9174971BAE99EE004A7905 /* Release */,
			);
			defaultConfigurationIsVisible = 0;
			defaultConfigurationName = Release;
		};
		0C9174981BAE99EE004A7905 /* Build configuration list for PBXNativeTarget "Nuke" */ = {
			isa = XCConfigurationList;
			buildConfigurations = (
				0C9174991BAE99EE004A7905 /* Debug */,
				0C91749A1BAE99EE004A7905 /* Release */,
			);
			defaultConfigurationIsVisible = 0;
			defaultConfigurationName = Release;
		};
/* End XCConfigurationList section */
	};
	rootObject = 0C9174871BAE99EE004A7905 /* Project object */;
}
