{
  "object": {
    "pins": [
      {
        "package": "Alamofire",
        "repositoryURL": "https://github.com/Alamofire/Alamofire",
        "state": {
          "branch": null,
          "revision": "9e0328127dfb801cefe8ac53a13c0c90a7770448",
          "version": "5.4.0"
        }
      },
      {
        "package": "Gifu",
        "repositoryURL": "https://github.com/kaishin/Gifu.git",
        "state": {
          "branch": null,
          "revision": "0ffe24744cc3d82ab9edece53670d0352c6d5507",
          "version": "3.3.0"
        }
      },
      {
        "package": "Nuke",
        "repositoryURL": "https://github.com/kean/Nuke",
        "state": {
          "branch": "master",
          "revision": "8f8faf3753badf1270d7519e9f86878cfc3ca75f",
          "version": null
        }
      },
      {
        "package": "SwiftSVG",
        "repositoryURL": "https://github.com/mchoe/SwiftSVG.git",
        "state": {
          "branch": null,
          "revision": "c3a8866a25ace169ee8e5c037670ba14aa59606f",
          "version": "2.3.2"
        }
      }
    ]
  },
  "version": 1
}
